
Microsoft Visual Studio Solution File, Format Version 12.00
# Visual Studio Version 16
VisualStudioVersion = 16.0.30611.23
MinimumVisualStudioVersion = 10.0.40219.1
Project("{FAE04EC0-301F-11D3-BF4B-00C04F79EFBC}") = "WhatsAppChatDataAnalysis", "WhatsAppChatDataAnalysis\WhatsAppChatDataAnalysis.csproj", "{0B26FEF1-2542-489E-B707-F1181F095229}"
EndProject
Global
	GlobalSection(SolutionConfigurationPlatforms) = preSolution
		Debug|Any CPU = Debug|Any CPU
		Release|Any CPU = Release|Any CPU
	EndGlobalSection
	GlobalSection(ProjectConfigurationPlatforms) = postSolution
		{0B26FEF1-2542-489E-B707-F1181F095229}.Debug|Any CPU.ActiveCfg = Debug|Any CPU
		{0B26FEF1-2542-489E-B707-F1181F095229}.Debug|Any CPU.Build.0 = Debug|Any CPU
		{0B26FEF1-2542-489E-B707-F1181F095229}.Release|Any CPU.ActiveCfg = Release|Any CPU
		{0B26FEF1-2542-489E-B707-F1181F095229}.Release|Any CPU.Build.0 = Release|Any CPU
	EndGlobalSection
	GlobalSection(SolutionProperties) = preSolution
		HideSolutionNode = FALSE
	EndGlobalSection
	GlobalSection(ExtensibilityGlobals) = postSolution
		SolutionGuid = {D5A482DB-1691-4E8C-8A2C-77CBB0410304}
	EndGlobalSection
EndGlobal
